
Microsoft Visual Studio Solution File, Format Version 12.00
# Visual Studio Version 17
VisualStudioVersion = 17.14.36401.2 d17.14
MinimumVisualStudioVersion = 10.0.40219.1
Project("{FAE04EC0-301F-11D3-BF4B-00C04F79EFBC}") = "OutboxSagaDemo", "OutboxSagaDemo\OutboxSagaDemo.csproj", "{01AC4A57-9C08-4E19-9D1C-23C4D69F8381}"
EndProject
Project("{FAE04EC0-301F-11D3-BF4B-00C04F79EFBC}") = "ConsoleAppTester", "ConsoleAppTester\ConsoleAppTester.csproj", "{AB3721BA-3506-461C-9A19-22961218A230}"
EndProject
Global
	GlobalSection(SolutionConfigurationPlatforms) = preSolution
		Debug|Any CPU = Debug|Any CPU
		Release|Any CPU = Release|Any CPU
	EndGlobalSection
	GlobalSection(ProjectConfigurationPlatforms) = postSolution
		{01AC4A57-9C08-4E19-9D1C-23C4D69F8381}.Debug|Any CPU.ActiveCfg = Debug|Any CPU
		{01AC4A57-9C08-4E19-9D1C-23C4D69F8381}.Debug|Any CPU.Build.0 = Debug|Any CPU
		{01AC4A57-9C08-4E19-9D1C-23C4D69F8381}.Release|Any CPU.ActiveCfg = Release|Any CPU
		{01AC4A57-9C08-4E19-9D1C-23C4D69F8381}.Release|Any CPU.Build.0 = Release|Any CPU
		{AB3721BA-3506-461C-9A19-22961218A230}.Debug|Any CPU.ActiveCfg = Debug|Any CPU
		{AB3721BA-3506-461C-9A19-22961218A230}.Debug|Any CPU.Build.0 = Debug|Any CPU
		{AB3721BA-3506-461C-9A19-22961218A230}.Release|Any CPU.ActiveCfg = Release|Any CPU
		{AB3721BA-3506-461C-9A19-22961218A230}.Release|Any CPU.Build.0 = Release|Any CPU
	EndGlobalSection
	GlobalSection(SolutionProperties) = preSolution
		HideSolutionNode = FALSE
	EndGlobalSection
	GlobalSection(ExtensibilityGlobals) = postSolution
		SolutionGuid = {4BB4657B-C925-49EC-8F1A-E9208AA2DC1A}
	EndGlobalSection
EndGlobal
